
Microsoft Visual Studio Solution File, Format Version 12.00
# Visual Studio Version 16
VisualStudioVersion = 16.0.30114.105
MinimumVisualStudioVersion = 10.0.40219.1
Project("{FAE04EC0-301F-11D3-BF4B-00C04F79EFBC}") = "RasiMarket", "RasiMarket\RasiMarket.csproj", "{59B4D6C9-7912-4361-9E58-5F99E3AD58E9}"
EndProject
Project("{FAE04EC0-301F-11D3-BF4B-00C04F79EFBC}") = "RasiMarketAdmin", "RasiMarketAdmin\RasiMarketAdmin.csproj", "{897C1DB1-ECA4-4880-82F5-F8CE214332C4}"
EndProject
Project("{FAE04EC0-301F-11D3-BF4B-00C04F79EFBC}") = "RasiMarket.Repository", "RasiMarket.Repository\RasiMarket.Repository.csproj", "{EEE15F72-C850-4C40-9221-24338B94C01D}"
EndProject
Project("{FAE04EC0-301F-11D3-BF4B-00C04F79EFBC}") = "RasiMarket.Data", "RasiMarket.Data\RasiMarket.Data.csproj", "{7EDF46E9-9519-4D27-8700-C0613F4BD797}"
EndProject
Global
	GlobalSection(SolutionConfigurationPlatforms) = preSolution
		Debug|Any CPU = Debug|Any CPU
		Release|Any CPU = Release|Any CPU
	EndGlobalSection
	GlobalSection(ProjectConfigurationPlatforms) = postSolution
		{59B4D6C9-7912-4361-9E58-5F99E3AD58E9}.Debug|Any CPU.ActiveCfg = Debug|Any CPU
		{59B4D6C9-7912-4361-9E58-5F99E3AD58E9}.Debug|Any CPU.Build.0 = Debug|Any CPU
		{59B4D6C9-7912-4361-9E58-5F99E3AD58E9}.Release|Any CPU.ActiveCfg = Release|Any CPU
		{59B4D6C9-7912-4361-9E58-5F99E3AD58E9}.Release|Any CPU.Build.0 = Release|Any CPU
		{897C1DB1-ECA4-4880-82F5-F8CE214332C4}.Debug|Any CPU.ActiveCfg = Debug|Any CPU
		{897C1DB1-ECA4-4880-82F5-F8CE214332C4}.Debug|Any CPU.Build.0 = Debug|Any CPU
		{897C1DB1-ECA4-4880-82F5-F8CE214332C4}.Release|Any CPU.ActiveCfg = Release|Any CPU
		{897C1DB1-ECA4-4880-82F5-F8CE214332C4}.Release|Any CPU.Build.0 = Release|Any CPU
		{EEE15F72-C850-4C40-9221-24338B94C01D}.Debug|Any CPU.ActiveCfg = Debug|Any CPU
		{EEE15F72-C850-4C40-9221-24338B94C01D}.Debug|Any CPU.Build.0 = Debug|Any CPU
		{EEE15F72-C850-4C40-9221-24338B94C01D}.Release|Any CPU.ActiveCfg = Release|Any CPU
		{EEE15F72-C850-4C40-9221-24338B94C01D}.Release|Any CPU.Build.0 = Release|Any CPU
		{7EDF46E9-9519-4D27-8700-C0613F4BD797}.Debug|Any CPU.ActiveCfg = Debug|Any CPU
		{7EDF46E9-9519-4D27-8700-C0613F4BD797}.Debug|Any CPU.Build.0 = Debug|Any CPU
		{7EDF46E9-9519-4D27-8700-C0613F4BD797}.Release|Any CPU.ActiveCfg = Release|Any CPU
		{7EDF46E9-9519-4D27-8700-C0613F4BD797}.Release|Any CPU.Build.0 = Release|Any CPU
	EndGlobalSection
	GlobalSection(SolutionProperties) = preSolution
		HideSolutionNode = FALSE
	EndGlobalSection
	GlobalSection(ExtensibilityGlobals) = postSolution
		SolutionGuid = {031AA2AB-827F-428A-9E2B-A6713831E11A}
	EndGlobalSection
EndGlobal
